{
  "nodes": {
    "fused-effects-exceptions-src": {
      "flake": false,
      "locked": {
        "lastModified": 1657897851,
        "narHash": "sha256-4uO42v9sZBM1Jo1kOI1LkGCrrp4zqrcjzQl1GluqK0s=",
        "owner": "fused-effects",
        "repo": "fused-effects-exceptions",
        "rev": "7577da71e1aa5dc812c3a10e2fed57c36a2f385d",
        "type": "github"
      },
      "original": {
        "owner": "fused-effects",
        "repo": "fused-effects-exceptions",
        "type": "github"
      }
    },
    "root": {
      "inputs": {
        "fused-effects-exceptions-src": "fused-effects-exceptions-src"
      }
    }
  },
  "root": "root",
  "version": 7
}
