{
  "nodes": {
    "fused-effects-exceptions": {
      "flake": false,
      "locked": {
        "lastModified": 1657897851,
        "narHash": "sha256-4uO42v9sZBM1Jo1kOI1LkGCrrp4zqrcjzQl1GluqK0s=",
        "owner": "fused-effects",
        "repo": "fused-effects-exceptions",
        "rev": "7577da71e1aa5dc812c3a10e2fed57c36a2f385d",
        "type": "github"
      },
      "original": {
        "owner": "fused-effects",
        "repo": "fused-effects-exceptions",
        "type": "github"
      }
    },
    "large-records": {
      "flake": false,
      "locked": {
        "lastModified": 1688632851,
        "narHash": "sha256-ZuSzTpFxUJ7q0u+zIZyVJvC7pCiBYZT33kUlZ2GxcJY=",
        "owner": "well-typed",
        "repo": "large-records",
        "rev": "851d04095d72485fc8ce236976152e601c598791",
        "type": "github"
      },
      "original": {
        "owner": "well-typed",
        "repo": "large-records",
        "type": "github"
      }
    },
    "root": {
      "inputs": {
        "fused-effects-exceptions": "fused-effects-exceptions",
        "large-records": "large-records"
      }
    }
  },
  "root": "root",
  "version": 7
}
