{
  "nodes": {
    "flakes": {
      "locked": {
        "lastModified": 1689941517,
        "narHash": "sha256-YyitZhwmmpaegnmHYpNUhfTZcXqpXh7MKiT/+Yev/9Q=",
        "owner": "deemp",
        "repo": "flakes",
        "rev": "5a7dd9b3bcc75cf514b248c3a9aaf3a8c5044425",
        "type": "github"
      },
      "original": {
        "owner": "deemp",
        "repo": "flakes",
        "type": "github"
      }
    },
    "root": {
      "inputs": {
        "flakes": "flakes"
      }
    }
  },
  "root": "root",
  "version": 7
}
