{
  "nodes": {
    "flakes": {
      "locked": {
        "lastModified": 1689188327,
        "narHash": "sha256-oV5Hl1Q3CeBcp8OuPGZaez05I4DWBQ/HS6VZvi/ABhE=",
        "owner": "deemp",
        "repo": "flakes",
        "rev": "6b14dbcaaf9e2c310a6bddc5f2992bf328d3e868",
        "type": "github"
      },
      "original": {
        "owner": "deemp",
        "repo": "flakes",
        "type": "github"
      }
    },
    "root": {
      "inputs": {
        "flakes": "flakes"
      }
    }
  },
  "root": "root",
  "version": 7
}
