{
  "nodes": {
    "flakes": {
      "locked": {
        "lastModified": 1689020298,
        "narHash": "sha256-CMmhWt95jc4UodlpFbZvFxl0mk0erv7UivyZQN6UTSI=",
        "owner": "deemp",
        "repo": "flakes",
        "rev": "83efb1c742849ba437739df036e11044051dce8d",
        "type": "github"
      },
      "original": {
        "owner": "deemp",
        "repo": "flakes",
        "type": "github"
      }
    },
    "root": {
      "inputs": {
        "flakes": "flakes"
      }
    }
  },
  "root": "root",
  "version": 7
}
