# This file was autogenerated by Stack.
# You should not edit this file by hand.
# For more information, please see the documentation at:
#   https://docs.haskellstack.org/en/stable/lock_files

packages:
- completed:
    hackage: wreq-0.5.3.3@sha256:841539c9d3e7b39c17aee32414d9232a11ab73ed51163fb5e7f68213ea15fe62,5317
    pantry-tree:
      size: 2423
      sha256: 76e00e840e629536a7ef80e0486d40309cfa1ebdfb4a2427c54082f304568854
  original:
    hackage: wreq-0.5.3.3
- completed:
    hackage: lens-5.1@sha256:2cd46b613b9fb37e6eb64c518fd41cfdf55b15bd217d8780163b5c75974920bf,15013
    pantry-tree:
      size: 8214
      sha256: a01b10a8b32e7aeb1e4fbb922761a3f9a8f28bb9d2270277b849984409aca067
  original:
    hackage: lens-5.1
- completed:
    hackage: bytestring-0.10.12.0@sha256:3756939e46a9adb9cd5654442e7a44f53d0ad94fca8a9ad7029cc28fa6b0a081,6070
    pantry-tree:
      size: 2140
      sha256: 4e979f335e85ccb677f171f1e8e4d1139c8bc4e3ace7fb1fdf9bdffe9b0d9287
  original:
    hackage: bytestring-0.10.12.0
- completed:
    hackage: directory-1.3.6.0@sha256:d3d89c752f99e78f3e1d11c74696d2ba78b199f47c89e92934003deb84cb3ff9,2810
    pantry-tree:
      size: 3433
      sha256: 54ddcb94f07eab9c6070497d8cbc565fc7e9f159ac596581c2e959e7460c1e41
  original:
    hackage: directory-1.3.6.0
- completed:
    hackage: uri-0.1.6.4@sha256:8277b1191666ded2b46fb7b02f95a898093e452a57c16e0d37aa8c9b852b483a,567
    pantry-tree:
      size: 198
      sha256: 000a9ffeb2f8306b1abd04da61fc5b7909f34d0c4dd45bbe1b253d28cc9ffb86
  original:
    hackage: uri-0.1.6.4
- completed:
    hackage: filepath-1.4.2.1@sha256:aff13ab4dd895931e77c22756e6e4e7bc8189351e0fa48270a998b826a63f54a,2291
    pantry-tree:
      size: 681
      sha256: ed5ffa1e42c2626fc3b13b9f7ff3fef6b841515a57021819f8066db4e93264dc
  original:
    hackage: filepath-1.4.2.1
- completed:
    hackage: async-2.2.4@sha256:b83dec34a53520de84c6dd3dc7aae45d22409b46eb471c478b98108215a370f0,3095
    pantry-tree:
      size: 501
      sha256: 08b8a9f8d2e27d51b04fb9c14f65e1209c7f24160d2a4557963900edb2c0f07d
  original:
    hackage: async-2.2.4
- completed:
    hackage: MissingH-1.5.0.0@sha256:34df0817c543894b53942852109da1ba7f3f615ca0aded9b9c58bf52d33017e8,4740
    pantry-tree:
      size: 5272
      sha256: e651ec6ac04238ae27e645f5c8316459999bed57c388c459a44c21c58525fba7
  original:
    hackage: MissingH-1.5.0.0
- completed:
    hackage: conduit-1.3.4.2@sha256:92165c9fc22f4e8c75b936b8ed4739360e8318bec2a05cd2c8c5b293d126b477,5129
    pantry-tree:
      size: 1957
      sha256: 8f5f18d84acb44440b7de5df4a02c2954a5c25c38b86268cdccb055ed4ee5e8b
  original:
    hackage: conduit-1.3.4.2
snapshots:
- completed:
    size: 590100
    url: https://raw.githubusercontent.com/commercialhaskell/stackage-snapshots/master/lts/18/28.yaml
    sha256: 428ec8d5ce932190d3cbe266b9eb3c175cd81e984babf876b64019e2cbe4ea68
  original:
    url: https://raw.githubusercontent.com/commercialhaskell/stackage-snapshots/master/lts/18/28.yaml
